{
  "version": 4,
  "terraform_version": "0.15.3",
  "serial": 19,
  "lineage": "0c9c6013-5c93-bfa9-0dc6-8783c5fbac7e",
  "outputs": {},
  "resources": [
    {
      "mode": "managed",
      "type": "google_compute_firewall",
      "name": "modified",
      "provider": "provider[\"registry.terraform.io/hashicorp/google\"]",
      "instances": [
        {
          "schema_version": 1,
          "attributes": {
            "allow": [
              {
                "ports": [
                  "80",
                  "8080",
                  "22"
                ],
                "protocol": "tcp"
              }
            ],
            "creation_timestamp": "2021-05-12T06:23:18.930-07:00",
            "deny": [],
            "description": "",
            "destination_ranges": [],
            "direction": "INGRESS",
            "disabled": false,
            "enable_logging": null,
            "id": "projects/playground-s-11-ab304dc6/global/firewalls/test1-firewall",
            "log_config": [],
            "name": "test1-firewall",
            "network": "https://www.googleapis.com/compute/v1/projects/playground-s-11-ab304dc6/global/networks/vpc-network1",
            "priority": 1000,
            "project": "playground-s-11-ab304dc6",
            "self_link": "https://www.googleapis.com/compute/v1/projects/playground-s-11-ab304dc6/global/firewalls/test1-firewall",
            "source_ranges": [
              "0.0.0.0/0"
            ],
            "source_service_accounts": [],
            "source_tags": [],
            "target_service_accounts": [],
            "target_tags": [],
            "timeouts": null
          },
          "sensitive_attributes": [],
          "private": "eyJlMmJmYjczMC1lY2FhLTExZTYtOGY4OC0zNDM2M2JjN2M0YzAiOnsiY3JlYXRlIjoyNDAwMDAwMDAwMDAsImRlbGV0ZSI6MjQwMDAwMDAwMDAwLCJ1cGRhdGUiOjI0MDAwMDAwMDAwMH0sInNjaGVtYV92ZXJzaW9uIjoiMSJ9",
          "dependencies": [
            "google_compute_network.vpc_network1"
          ]
        }
      ]
    },
    {
      "mode": "managed",
      "type": "google_compute_instance",
      "name": "test2",
      "provider": "provider[\"registry.terraform.io/hashicorp/google\"]",
      "instances": [
        {
          "schema_version": 6,
          "attributes": {
            "allow_stopping_for_update": null,
            "attached_disk": [],
            "boot_disk": [
              {
                "auto_delete": true,
                "device_name": "persistent-disk-0",
                "disk_encryption_key_raw": "",
                "disk_encryption_key_sha256": "",
                "initialize_params": [
                  {
                    "image": "https://www.googleapis.com/compute/v1/projects/ubuntu-os-cloud/global/images/ubuntu-2004-focal-v20210510",
                    "labels": {},
                    "size": 10,
                    "type": "pd-standard"
                  }
                ],
                "kms_key_self_link": "",
                "mode": "READ_WRITE",
                "source": "https://www.googleapis.com/compute/v1/projects/playground-s-11-ab304dc6/zones/us-central1-a/disks/test2"
              }
            ],
            "can_ip_forward": false,
            "confidential_instance_config": [],
            "cpu_platform": "AMD Rome",
            "current_status": "RUNNING",
            "deletion_protection": false,
            "description": "",
            "desired_status": null,
            "enable_display": false,
            "guest_accelerator": [],
            "hostname": "",
            "id": "projects/playground-s-11-ab304dc6/zones/us-central1-a/instances/test2",
            "instance_id": "5805393553575536653",
            "label_fingerprint": "42WmSpB8rSM=",
            "labels": {},
            "machine_type": "e2-standard-2",
            "metadata": {},
            "metadata_fingerprint": "rRol2N8YDD4=",
            "metadata_startup_script": "#!/bin/bash\napt update -y\napt install apache2 -y\nsystemctl start apache2\necho \"Hii this vikas here\" \u003e /var/www/html/index.html\n",
            "min_cpu_platform": "",
            "name": "test2",
            "network_interface": [
              {
                "access_config": [
                  {
                    "nat_ip": "34.72.169.118",
                    "network_tier": "PREMIUM",
                    "public_ptr_domain_name": ""
                  }
                ],
                "alias_ip_range": [],
                "name": "nic0",
                "network": "https://www.googleapis.com/compute/v1/projects/playground-s-11-ab304dc6/global/networks/vpc-network1",
                "network_ip": "10.2.0.2",
                "nic_type": "",
                "subnetwork": "https://www.googleapis.com/compute/v1/projects/playground-s-11-ab304dc6/regions/us-central1/subnetworks/test-subnetwork1",
                "subnetwork_project": "playground-s-11-ab304dc6"
              }
            ],
            "project": "playground-s-11-ab304dc6",
            "resource_policies": [],
            "scheduling": [
              {
                "automatic_restart": true,
                "min_node_cpus": 0,
                "node_affinities": [],
                "on_host_maintenance": "MIGRATE",
                "preemptible": false
              }
            ],
            "scratch_disk": [],
            "self_link": "https://www.googleapis.com/compute/v1/projects/playground-s-11-ab304dc6/zones/us-central1-a/instances/test2",
            "service_account": [],
            "shielded_instance_config": [
              {
                "enable_integrity_monitoring": true,
                "enable_secure_boot": false,
                "enable_vtpm": true
              }
            ],
            "tags": [
              "gcp"
            ],
            "tags_fingerprint": "d_Ud-EVsD8k=",
            "timeouts": null,
            "zone": "us-central1-a"
          },
          "sensitive_attributes": [],
          "private": "eyJlMmJmYjczMC1lY2FhLTExZTYtOGY4OC0zNDM2M2JjN2M0YzAiOnsiY3JlYXRlIjoxMjAwMDAwMDAwMDAwLCJkZWxldGUiOjEyMDAwMDAwMDAwMDAsInVwZGF0ZSI6MTIwMDAwMDAwMDAwMH0sInNjaGVtYV92ZXJzaW9uIjoiNiJ9",
          "dependencies": [
            "google_compute_network.vpc_network1",
            "google_compute_subnetwork.test_subnetwork1"
          ]
        }
      ]
    },
    {
      "mode": "managed",
      "type": "google_compute_network",
      "name": "vpc_network1",
      "provider": "provider[\"registry.terraform.io/hashicorp/google\"]",
      "instances": [
        {
          "schema_version": 0,
          "attributes": {
            "auto_create_subnetworks": false,
            "delete_default_routes_on_create": false,
            "description": "",
            "gateway_ipv4": "",
            "id": "projects/playground-s-11-ab304dc6/global/networks/vpc-network1",
            "mtu": 1500,
            "name": "vpc-network1",
            "project": "playground-s-11-ab304dc6",
            "routing_mode": "REGIONAL",
            "self_link": "https://www.googleapis.com/compute/v1/projects/playground-s-11-ab304dc6/global/networks/vpc-network1",
            "timeouts": null
          },
          "sensitive_attributes": [],
          "private": "eyJlMmJmYjczMC1lY2FhLTExZTYtOGY4OC0zNDM2M2JjN2M0YzAiOnsiY3JlYXRlIjoyNDAwMDAwMDAwMDAsImRlbGV0ZSI6MjQwMDAwMDAwMDAwLCJ1cGRhdGUiOjI0MDAwMDAwMDAwMH19"
        }
      ]
    },
    {
      "mode": "managed",
      "type": "google_compute_subnetwork",
      "name": "test_subnetwork1",
      "provider": "provider[\"registry.terraform.io/hashicorp/google\"]",
      "instances": [
        {
          "schema_version": 0,
          "attributes": {
            "creation_timestamp": "2021-05-12T06:23:20.340-07:00",
            "description": "",
            "fingerprint": null,
            "gateway_address": "10.2.0.1",
            "id": "projects/playground-s-11-ab304dc6/regions/us-central1/subnetworks/test-subnetwork1",
            "ip_cidr_range": "10.2.0.0/16",
            "log_config": [],
            "name": "test-subnetwork1",
            "network": "https://www.googleapis.com/compute/v1/projects/playground-s-11-ab304dc6/global/networks/vpc-network1",
            "private_ip_google_access": false,
            "private_ipv6_google_access": "DISABLE_GOOGLE_ACCESS",
            "project": "playground-s-11-ab304dc6",
            "region": "us-central1",
            "secondary_ip_range": [],
            "self_link": "https://www.googleapis.com/compute/v1/projects/playground-s-11-ab304dc6/regions/us-central1/subnetworks/test-subnetwork1",
            "timeouts": null
          },
          "sensitive_attributes": [],
          "private": "eyJlMmJmYjczMC1lY2FhLTExZTYtOGY4OC0zNDM2M2JjN2M0YzAiOnsiY3JlYXRlIjozNjAwMDAwMDAwMDAsImRlbGV0ZSI6MzYwMDAwMDAwMDAwLCJ1cGRhdGUiOjM2MDAwMDAwMDAwMH19",
          "dependencies": [
            "google_compute_network.vpc_network1"
          ]
        }
      ]
    },
    {
      "mode": "managed",
      "type": "google_project_iam_custom_role",
      "name": "vabRole123",
      "provider": "provider[\"registry.terraform.io/hashicorp/google\"]",
      "instances": [
        {
          "schema_version": 0,
          "attributes": {
            "deleted": false,
            "description": "",
            "id": "projects/playground-s-11-ab304dc6/roles/vabRoleTest",
            "name": "projects/playground-s-11-ab304dc6/roles/vabRoleTest",
            "permissions": [
              "storage.buckets.get",
              "storage.objects.create"
            ],
            "project": "playground-s-11-ab304dc6",
            "role_id": "vabRoleTest",
            "stage": "GA",
            "title": "My Custom Role"
          },
          "sensitive_attributes": [],
          "private": "bnVsbA=="
        }
      ]
    },
    {
      "mode": "managed",
      "type": "google_storage_bucket",
      "name": "vabbucketasdfgh",
      "provider": "provider[\"registry.terraform.io/hashicorp/google\"]",
      "instances": [
        {
          "schema_version": 0,
          "attributes": {
            "bucket_policy_only": false,
            "cors": [],
            "default_event_based_hold": false,
            "encryption": [],
            "force_destroy": false,
            "id": "vabbucketasdfgh",
            "labels": {},
            "lifecycle_rule": [],
            "location": "US",
            "logging": [],
            "name": "vabbucketasdfgh",
            "project": "playground-s-11-ab304dc6",
            "requester_pays": false,
            "retention_policy": [],
            "self_link": "https://www.googleapis.com/storage/v1/b/vabbucketasdfgh",
            "storage_class": "standard",
            "uniform_bucket_level_access": false,
            "url": "gs://vabbucketasdfgh",
            "versioning": [],
            "website": []
          },
          "sensitive_attributes": [],
          "private": "bnVsbA=="
        }
      ]
    },
    {
      "mode": "managed",
      "type": "google_storage_bucket_object",
      "name": "index_html",
      "provider": "provider[\"registry.terraform.io/hashicorp/google\"]",
      "instances": [
        {
          "schema_version": 0,
          "attributes": {
            "bucket": "vabbucketasdfgh",
            "cache_control": "",
            "content": null,
            "content_disposition": "",
            "content_encoding": "",
            "content_language": "",
            "content_type": "text/html; charset=utf-8",
            "crc32c": "cA7kXQ==",
            "detect_md5hash": "J7/+3x/bElGYBKeKNdZVKQ==",
            "id": "vabbucketasdfgh-index.html",
            "kms_key_name": "",
            "md5hash": "J7/+3x/bElGYBKeKNdZVKQ==",
            "media_link": "https://storage.googleapis.com/download/storage/v1/b/vabbucketasdfgh/o/index.html?generation=1620826315473176\u0026alt=media",
            "metadata": null,
            "name": "index.html",
            "output_name": "index.html",
            "self_link": "https://www.googleapis.com/storage/v1/b/vabbucketasdfgh/o/index.html",
            "source": "/root/terraform/demo2/index.html",
            "storage_class": "STANDARD"
          },
          "sensitive_attributes": [],
          "private": "bnVsbA==",
          "dependencies": [
            "google_storage_bucket.vabbucketasdfgh"
          ]
        }
      ]
    }
  ]
}
